// !$*UTF8*$!
{
	archiveVersion = 1;
	classes = {
	};
	objectVersion = 46;
	objects = {

/* Begin PBXBuildFile section */
		9D6569CC14FB2DA900FA03D8 /* UIKit.framework in Frameworks */ = {isa = PBXBuildFile; fileRef = 9D6569CB14FB2DA900FA03D8 /* UIKit.framework */; };
		9D6569CE14FB2DA900FA03D8 /* Foundation.framework in Frameworks */ = {isa = PBXBuildFile; fileRef = 9D6569CD14FB2DA900FA03D8 /* Foundation.framework */; };
		9D6569D014FB2DA900FA03D8 /* CoreGraphics.framework in Frameworks */ = {isa = PBXBuildFile; fileRef = 9D6569CF14FB2DA900FA03D8 /* CoreGraphics.framework */; };
		9D6569D614FB2DA900FA03D8 /* InfoPlist.strings in Resources */ = {isa = PBXBuildFile; fileRef = 9D6569D414FB2DA900FA03D8 /* InfoPlist.strings */; };
		9D6569D814FB2DA900FA03D8 /* main.m in Sources */ = {isa = PBXBuildFile; fileRef = 9D6569D714FB2DA900FA03D8 /* main.m */; };
		9D6569DC14FB2DA900FA03D8 /* DemoAppDelegate.m in Sources */ = {isa = PBXBuildFile; fileRef = 9D6569DB14FB2DA900FA03D8 /* DemoAppDelegate.m */; };
		9D6569DF14FB2DA900FA03D8 /* DemoViewController.m in Sources */ = {isa = PBXBuildFile; fileRef = 9D6569DE14FB2DA900FA03D8 /* DemoViewController.m */; };
		9D6569EB14FB2E3000FA03D8 /* UIImageView+animatedImageViewWithGIF.m in Sources */ = {isa = PBXBuildFile; fileRef = 9D6569EA14FB2E3000FA03D8 /* UIImageView+animatedImageViewWithGIF.m */; };
		9D6569ED14FB2ED100FA03D8 /* ImageIO.framework in Frameworks */ = {isa = PBXBuildFile; fileRef = 9D6569EC14FB2ED100FA03D8 /* ImageIO.framework */; };
		9D6569EF14FB320E00FA03D8 /* demo.gif in Resources */ = {isa = PBXBuildFile; fileRef = 9D6569EE14FB320E00FA03D8 /* demo.gif */; };
/* End PBXBuildFile section */

/* Begin PBXFileReference section */
		9D6569C714FB2DA900FA03D8 /* UIImageViewGIF.app */ = {isa = PBXFileReference; explicitFileType = wrapper.application; includeInIndex = 0; path = UIImageViewGIF.app; sourceTree = BUILT_PRODUCTS_DIR; };
		9D6569CB14FB2DA900FA03D8 /* UIKit.framework */ = {isa = PBXFileReference; lastKnownFileType = wrapper.framework; name = UIKit.framework; path = System/Library/Frameworks/UIKit.framework; sourceTree = SDKROOT; };
		9D6569CD14FB2DA900FA03D8 /* Foundation.framework */ = {isa = PBXFileReference; lastKnownFileType = wrapper.framework; name = Foundation.framework; path = System/Library/Frameworks/Foundation.framework; sourceTree = SDKROOT; };
		9D6569CF14FB2DA900FA03D8 /* CoreGraphics.framework */ = {isa = PBXFileReference; lastKnownFileType = wrapper.framework; name = CoreGraphics.framework; path = System/Library/Frameworks/CoreGraphics.framework; sourceTree = SDKROOT; };
		9D6569D314FB2DA900FA03D8 /* UIImageViewGIF-Info.plist */ = {isa = PBXFileReference; lastKnownFileType = text.plist.xml; path = "UIImageViewGIF-Info.plist"; sourceTree = "<group>"; };
		9D6569D514FB2DA900FA03D8 /* en */ = {isa = PBXFileReference; lastKnownFileType = text.plist.strings; name = en; path = en.lproj/InfoPlist.strings; sourceTree = "<group>"; };
		9D6569D714FB2DA900FA03D8 /* main.m */ = {isa = PBXFileReference; lastKnownFileType = sourcecode.c.objc; path = main.m; sourceTree = "<group>"; };
		9D6569D914FB2DA900FA03D8 /* UIImageViewGIF-Prefix.pch */ = {isa = PBXFileReference; lastKnownFileType = sourcecode.c.h; path = "UIImageViewGIF-Prefix.pch"; sourceTree = "<group>"; };
		9D6569DA14FB2DA900FA03D8 /* DemoAppDelegate.h */ = {isa = PBXFileReference; lastKnownFileType = sourcecode.c.h; path = DemoAppDelegate.h; sourceTree = "<group>"; };
		9D6569DB14FB2DA900FA03D8 /* DemoAppDelegate.m */ = {isa = PBXFileReference; lastKnownFileType = sourcecode.c.objc; path = DemoAppDelegate.m; sourceTree = "<group>"; };
		9D6569DD14FB2DA900FA03D8 /* DemoViewController.h */ = {isa = PBXFileReference; lastKnownFileType = sourcecode.c.h; path = DemoViewController.h; sourceTree = "<group>"; };
		9D6569DE14FB2DA900FA03D8 /* DemoViewController.m */ = {isa = PBXFileReference; lastKnownFileType = sourcecode.c.objc; path = DemoViewController.m; sourceTree = "<group>"; };
		9D6569E914FB2E3000FA03D8 /* UIImageView+animatedImageViewWithGIF.h */ = {isa = PBXFileReference; fileEncoding = 4; lastKnownFileType = sourcecode.c.h; path = "UIImageView+animatedImageViewWithGIF.h"; sourceTree = "<group>"; };
		9D6569EA14FB2E3000FA03D8 /* UIImageView+animatedImageViewWithGIF.m */ = {isa = PBXFileReference; fileEncoding = 4; lastKnownFileType = sourcecode.c.objc; path = "UIImageView+animatedImageViewWithGIF.m"; sourceTree = "<group>"; };
		9D6569EC14FB2ED100FA03D8 /* ImageIO.framework */ = {isa = PBXFileReference; lastKnownFileType = wrapper.framework; name = ImageIO.framework; path = System/Library/Frameworks/ImageIO.framework; sourceTree = SDKROOT; };
		9D6569EE14FB320E00FA03D8 /* demo.gif */ = {isa = PBXFileReference; lastKnownFileType = image.gif; path = demo.gif; sourceTree = "<group>"; };
/* End PBXFileReference section */

/* Begin PBXFrameworksBuildPhase section */
		9D6569C414FB2DA900FA03D8 /* Frameworks */ = {
			isa = PBXFrameworksBuildPhase;
			buildActionMask = 2147483647;
			files = (
				9D6569ED14FB2ED100FA03D8 /* ImageIO.framework in Frameworks */,
				9D6569CC14FB2DA900FA03D8 /* UIKit.framework in Frameworks */,
				9D6569CE14FB2DA900FA03D8 /* Foundation.framework in Frameworks */,
				9D6569D014FB2DA900FA03D8 /* CoreGraphics.framework in Frameworks */,
			);
			runOnlyForDeploymentPostprocessing = 0;
		};
/* End PBXFrameworksBuildPhase section */

/* Begin PBXGroup section */
		9D6569BC14FB2DA900FA03D8 = {
			isa = PBXGroup;
			children = (
				9D6569D114FB2DA900FA03D8 /* UIImageViewGIF */,
				9D6569CA14FB2DA900FA03D8 /* Frameworks */,
				9D6569C814FB2DA900FA03D8 /* Products */,
			);
			sourceTree = "<group>";
		};
		9D6569C814FB2DA900FA03D8 /* Products */ = {
			isa = PBXGroup;
			children = (
				9D6569C714FB2DA900FA03D8 /* UIImageViewGIF.app */,
			);
			name = Products;
			sourceTree = "<group>";
		};
		9D6569CA14FB2DA900FA03D8 /* Frameworks */ = {
			isa = PBXGroup;
			children = (
				9D6569EC14FB2ED100FA03D8 /* ImageIO.framework */,
				9D6569CB14FB2DA900FA03D8 /* UIKit.framework */,
				9D6569CD14FB2DA900FA03D8 /* Foundation.framework */,
				9D6569CF14FB2DA900FA03D8 /* CoreGraphics.framework */,
			);
			name = Frameworks;
			sourceTree = "<group>";
		};
		9D6569D114FB2DA900FA03D8 /* UIImageViewGIF */ = {
			isa = PBXGroup;
			children = (
				9D6569E814FB2E3000FA03D8 /* AnimatedUIImageViewWithGIF */,
				9D6569DD14FB2DA900FA03D8 /* DemoViewController.h */,
				9D6569DE14FB2DA900FA03D8 /* DemoViewController.m */,
				9D6569EE14FB320E00FA03D8 /* demo.gif */,
				9D6569D214FB2DA900FA03D8 /* Supporting Files */,
			);
			path = UIImageViewGIF;
			sourceTree = "<group>";
		};
		9D6569D214FB2DA900FA03D8 /* Supporting Files */ = {
			isa = PBXGroup;
			children = (
				9D6569DA14FB2DA900FA03D8 /* DemoAppDelegate.h */,
				9D6569DB14FB2DA900FA03D8 /* DemoAppDelegate.m */,
				9D6569D314FB2DA900FA03D8 /* UIImageViewGIF-Info.plist */,
				9D6569D414FB2DA900FA03D8 /* InfoPlist.strings */,
				9D6569D714FB2DA900FA03D8 /* main.m */,
				9D6569D914FB2DA900FA03D8 /* UIImageViewGIF-Prefix.pch */,
			);
			name = "Supporting Files";
			sourceTree = "<group>";
		};
		9D6569E814FB2E3000FA03D8 /* AnimatedUIImageViewWithGIF */ = {
			isa = PBXGroup;
			children = (
				9D6569E914FB2E3000FA03D8 /* UIImageView+animatedImageViewWithGIF.h */,
				9D6569EA14FB2E3000FA03D8 /* UIImageView+animatedImageViewWithGIF.m */,
			);
			path = AnimatedUIImageViewWithGIF;
			sourceTree = "<group>";
		};
/* End PBXGroup section */

/* Begin PBXNativeTarget section */
		9D6569C614FB2DA900FA03D8 /* UIImageViewGIF */ = {
			isa = PBXNativeTarget;
			buildConfigurationList = 9D6569E514FB2DA900FA03D8 /* Build configuration list for PBXNativeTarget "UIImageViewGIF" */;
			buildPhases = (
				9D6569C314FB2DA900FA03D8 /* Sources */,
				9D6569C414FB2DA900FA03D8 /* Frameworks */,
				9D6569C514FB2DA900FA03D8 /* Resources */,
			);
			buildRules = (
			);
			dependencies = (
			);
			name = UIImageViewGIF;
			productName = UIImageViewGIF;
			productReference = 9D6569C714FB2DA900FA03D8 /* UIImageViewGIF.app */;
			productType = "com.apple.product-type.application";
		};
/* End PBXNativeTarget section */

/* Begin PBXProject section */
		9D6569BE14FB2DA900FA03D8 /* Project object */ = {
			isa = PBXProject;
			attributes = {
				LastUpgradeCheck = 0420;
			};
			buildConfigurationList = 9D6569C114FB2DA900FA03D8 /* Build configuration list for PBXProject "UIImageViewGIF" */;
			compatibilityVersion = "Xcode 3.2";
			developmentRegion = English;
			hasScannedForEncodings = 0;
			knownRegions = (
				en,
			);
			mainGroup = 9D6569BC14FB2DA900FA03D8;
			productRefGroup = 9D6569C814FB2DA900FA03D8 /* Products */;
			projectDirPath = "";
			projectRoot = "";
			targets = (
				9D6569C614FB2DA900FA03D8 /* UIImageViewGIF */,
			);
		};
/* End PBXProject section */

/* Begin PBXResourcesBuildPhase section */
		9D6569C514FB2DA900FA03D8 /* Resources */ = {
			isa = PBXResourcesBuildPhase;
			buildActionMask = 2147483647;
			files = (
				9D6569D614FB2DA900FA03D8 /* InfoPlist.strings in Resources */,
				9D6569EF14FB320E00FA03D8 /* demo.gif in Resources */,
			);
			runOnlyForDeploymentPostprocessing = 0;
		};
/* End PBXResourcesBuildPhase section */

/* Begin PBXSourcesBuildPhase section */
		9D6569C314FB2DA900FA03D8 /* Sources */ = {
			isa = PBXSourcesBuildPhase;
			buildActionMask = 2147483647;
			files = (
				9D6569D814FB2DA900FA03D8 /* main.m in Sources */,
				9D6569DC14FB2DA900FA03D8 /* DemoAppDelegate.m in Sources */,
				9D6569DF14FB2DA900FA03D8 /* DemoViewController.m in Sources */,
				9D6569EB14FB2E3000FA03D8 /* UIImageView+animatedImageViewWithGIF.m in Sources */,
			);
			runOnlyForDeploymentPostprocessing = 0;
		};
/* End PBXSourcesBuildPhase section */

/* Begin PBXVariantGroup section */
		9D6569D414FB2DA900FA03D8 /* InfoPlist.strings */ = {
			isa = PBXVariantGroup;
			children = (
				9D6569D514FB2DA900FA03D8 /* en */,
			);
			name = InfoPlist.strings;
			sourceTree = "<group>";
		};
/* End PBXVariantGroup section */

/* Begin XCBuildConfiguration section */
		9D6569E314FB2DA900FA03D8 /* Debug */ = {
			isa = XCBuildConfiguration;
			buildSettings = {
				ALWAYS_SEARCH_USER_PATHS = NO;
				ARCHS = "$(ARCHS_STANDARD_32_BIT)";
				"CODE_SIGN_IDENTITY[sdk=iphoneos*]" = "iPhone Developer";
				COPY_PHASE_STRIP = NO;
				GCC_C_LANGUAGE_STANDARD = gnu99;
				GCC_DYNAMIC_NO_PIC = NO;
				GCC_OPTIMIZATION_LEVEL = 0;
				GCC_PREPROCESSOR_DEFINITIONS = (
					"DEBUG=1",
					"$(inherited)",
				);
				GCC_SYMBOLS_PRIVATE_EXTERN = NO;
				GCC_VERSION = com.apple.compilers.llvm.clang.1_0;
				GCC_WARN_ABOUT_MISSING_PROTOTYPES = YES;
				GCC_WARN_ABOUT_RETURN_TYPE = YES;
				GCC_WARN_UNUSED_VARIABLE = YES;
				IPHONEOS_DEPLOYMENT_TARGET = 5.0;
				SDKROOT = iphoneos;
			};
			name = Debug;
		};
		9D6569E414FB2DA900FA03D8 /* Release */ = {
			isa = XCBuildConfiguration;
			buildSettings = {
				ALWAYS_SEARCH_USER_PATHS = NO;
				ARCHS = "$(ARCHS_STANDARD_32_BIT)";
				"CODE_SIGN_IDENTITY[sdk=iphoneos*]" = "iPhone Developer";
				COPY_PHASE_STRIP = YES;
				GCC_C_LANGUAGE_STANDARD = gnu99;
				GCC_VERSION = com.apple.compilers.llvm.clang.1_0;
				GCC_WARN_ABOUT_MISSING_PROTOTYPES = YES;
				GCC_WARN_ABOUT_RETURN_TYPE = YES;
				GCC_WARN_UNUSED_VARIABLE = YES;
				IPHONEOS_DEPLOYMENT_TARGET = 5.0;
				OTHER_CFLAGS = "-DNS_BLOCK_ASSERTIONS=1";
				SDKROOT = iphoneos;
				VALIDATE_PRODUCT = YES;
			};
			name = Release;
		};
		9D6569E614FB2DA900FA03D8 /* Debug */ = {
			isa = XCBuildConfiguration;
			buildSettings = {
				GCC_PRECOMPILE_PREFIX_HEADER = YES;
				GCC_PREFIX_HEADER = "UIImageViewGIF/UIImageViewGIF-Prefix.pch";
				INFOPLIST_FILE = "UIImageViewGIF/UIImageViewGIF-Info.plist";
				PRODUCT_NAME = "$(TARGET_NAME)";
				WRAPPER_EXTENSION = app;
			};
			name = Debug;
		};
		9D6569E714FB2DA900FA03D8 /* Release */ = {
			isa = XCBuildConfiguration;
			buildSettings = {
				GCC_PRECOMPILE_PREFIX_HEADER = YES;
				GCC_PREFIX_HEADER = "UIImageViewGIF/UIImageViewGIF-Prefix.pch";
				INFOPLIST_FILE = "UIImageViewGIF/UIImageViewGIF-Info.plist";
				PRODUCT_NAME = "$(TARGET_NAME)";
				WRAPPER_EXTENSION = app;
			};
			name = Release;
		};
/* End XCBuildConfiguration section */

/* Begin XCConfigurationList section */
		9D6569C114FB2DA900FA03D8 /* Build configuration list for PBXProject "UIImageViewGIF" */ = {
			isa = XCConfigurationList;
			buildConfigurations = (
				9D6569E314FB2DA900FA03D8 /* Debug */,
				9D6569E414FB2DA900FA03D8 /* Release */,
			);
			defaultConfigurationIsVisible = 0;
			defaultConfigurationName = Release;
		};
		9D6569E514FB2DA900FA03D8 /* Build configuration list for PBXNativeTarget "UIImageViewGIF" */ = {
			isa = XCConfigurationList;
			buildConfigurations = (
				9D6569E614FB2DA900FA03D8 /* Debug */,
				9D6569E714FB2DA900FA03D8 /* Release */,
			);
			defaultConfigurationIsVisible = 0;
		};
/* End XCConfigurationList section */
	};
	rootObject = 9D6569BE14FB2DA900FA03D8 /* Project object */;
}
